
Microsoft Visual Studio Solution File, Format Version 12.00
# Visual Studio Version 17
VisualStudioVersion = 17.5.002.0
MinimumVisualStudioVersion = 10.0.40219.1
Project("{9A19103F-16F7-4668-BE54-9A1E7A4F7556}") = "clase7", "clase7.csproj", "{6521B0C4-1CD5-4078-BE94-A9CC2D50D312}"
EndProject
Global
	GlobalSection(SolutionConfigurationPlatforms) = preSolution
		Debug|Any CPU = Debug|Any CPU
		Release|Any CPU = Release|Any CPU
	EndGlobalSection
	GlobalSection(ProjectConfigurationPlatforms) = postSolution
		{6521B0C4-1CD5-4078-BE94-A9CC2D50D312}.Debug|Any CPU.ActiveCfg = Debug|Any CPU
		{6521B0C4-1CD5-4078-BE94-A9CC2D50D312}.Debug|Any CPU.Build.0 = Debug|Any CPU
		{6521B0C4-1CD5-4078-BE94-A9CC2D50D312}.Release|Any CPU.ActiveCfg = Release|Any CPU
		{6521B0C4-1CD5-4078-BE94-A9CC2D50D312}.Release|Any CPU.Build.0 = Release|Any CPU
	EndGlobalSection
	GlobalSection(SolutionProperties) = preSolution
		HideSolutionNode = FALSE
	EndGlobalSection
	GlobalSection(ExtensibilityGlobals) = postSolution
		SolutionGuid = {84FD870B-8AE9-4588-88EA-FBDE4022AC4E}
	EndGlobalSection
EndGlobal
