
Microsoft Visual Studio Solution File, Format Version 12.00
# Visual Studio Version 17
VisualStudioVersion = 17.5.002.0
MinimumVisualStudioVersion = 10.0.40219.1
Project("{9A19103F-16F7-4668-BE54-9A1E7A4F7556}") = "clase3", "clase3.csproj", "{EE27FFDC-BB2F-4D2C-B267-0605D256374C}"
EndProject
Global
	GlobalSection(SolutionConfigurationPlatforms) = preSolution
		Debug|Any CPU = Debug|Any CPU
		Release|Any CPU = Release|Any CPU
	EndGlobalSection
	GlobalSection(ProjectConfigurationPlatforms) = postSolution
		{EE27FFDC-BB2F-4D2C-B267-0605D256374C}.Debug|Any CPU.ActiveCfg = Debug|Any CPU
		{EE27FFDC-BB2F-4D2C-B267-0605D256374C}.Debug|Any CPU.Build.0 = Debug|Any CPU
		{EE27FFDC-BB2F-4D2C-B267-0605D256374C}.Release|Any CPU.ActiveCfg = Release|Any CPU
		{EE27FFDC-BB2F-4D2C-B267-0605D256374C}.Release|Any CPU.Build.0 = Release|Any CPU
	EndGlobalSection
	GlobalSection(SolutionProperties) = preSolution
		HideSolutionNode = FALSE
	EndGlobalSection
	GlobalSection(ExtensibilityGlobals) = postSolution
		SolutionGuid = {72A939C8-FAB3-46EA-B307-63B49F30B507}
	EndGlobalSection
EndGlobal
